
Microsoft Visual Studio Solution File, Format Version 11.00
# Visual Studio 2010
Project("{FAE04EC0-301F-11D3-BF4B-00C04F79EFBC}") = "Product", "Product\Product.csproj", "{FF1F3236-71E6-4A5E-8773-92876AD74DE7}"
EndProject
Project("{FAE04EC0-301F-11D3-BF4B-00C04F79EFBC}") = "productcommon", "productcommon\productcommon.csproj", "{534A8212-5A15-4E35-9673-81F54E16DAD8}"
EndProject
Project("{FAE04EC0-301F-11D3-BF4B-00C04F79EFBC}") = "SJYEntity", "SJYEntity\SJYEntity.csproj", "{8F83EDD6-5840-49C0-B51D-D74DEDA3E0BB}"
EndProject
Project("{FAE04EC0-301F-11D3-BF4B-00C04F79EFBC}") = "ProductBLL", "ProductBLL\ProductBLL.csproj", "{3AFBF9A8-DB48-486E-A586-7E4924CEB32A}"
EndProject
Global
	GlobalSection(SolutionConfigurationPlatforms) = preSolution
		Debug|Any CPU = Debug|Any CPU
		Release|Any CPU = Release|Any CPU
	EndGlobalSection
	GlobalSection(ProjectConfigurationPlatforms) = postSolution
		{FF1F3236-71E6-4A5E-8773-92876AD74DE7}.Debug|Any CPU.ActiveCfg = Debug|Any CPU
		{FF1F3236-71E6-4A5E-8773-92876AD74DE7}.Debug|Any CPU.Build.0 = Debug|Any CPU
		{FF1F3236-71E6-4A5E-8773-92876AD74DE7}.Release|Any CPU.ActiveCfg = Release|Any CPU
		{FF1F3236-71E6-4A5E-8773-92876AD74DE7}.Release|Any CPU.Build.0 = Release|Any CPU
		{534A8212-5A15-4E35-9673-81F54E16DAD8}.Debug|Any CPU.ActiveCfg = Debug|Any CPU
		{534A8212-5A15-4E35-9673-81F54E16DAD8}.Debug|Any CPU.Build.0 = Debug|Any CPU
		{534A8212-5A15-4E35-9673-81F54E16DAD8}.Release|Any CPU.ActiveCfg = Release|Any CPU
		{534A8212-5A15-4E35-9673-81F54E16DAD8}.Release|Any CPU.Build.0 = Release|Any CPU
		{8F83EDD6-5840-49C0-B51D-D74DEDA3E0BB}.Debug|Any CPU.ActiveCfg = Debug|Any CPU
		{8F83EDD6-5840-49C0-B51D-D74DEDA3E0BB}.Debug|Any CPU.Build.0 = Debug|Any CPU
		{8F83EDD6-5840-49C0-B51D-D74DEDA3E0BB}.Release|Any CPU.ActiveCfg = Release|Any CPU
		{8F83EDD6-5840-49C0-B51D-D74DEDA3E0BB}.Release|Any CPU.Build.0 = Release|Any CPU
		{3AFBF9A8-DB48-486E-A586-7E4924CEB32A}.Debug|Any CPU.ActiveCfg = Debug|Any CPU
		{3AFBF9A8-DB48-486E-A586-7E4924CEB32A}.Debug|Any CPU.Build.0 = Debug|Any CPU
		{3AFBF9A8-DB48-486E-A586-7E4924CEB32A}.Release|Any CPU.ActiveCfg = Release|Any CPU
		{3AFBF9A8-DB48-486E-A586-7E4924CEB32A}.Release|Any CPU.Build.0 = Release|Any CPU
	EndGlobalSection
	GlobalSection(SolutionProperties) = preSolution
		HideSolutionNode = FALSE
	EndGlobalSection
EndGlobal
